
Microsoft Visual Studio Solution File, Format Version 12.00
# Visual Studio Version 16
VisualStudioVersion = 16.0.30413.136
MinimumVisualStudioVersion = 10.0.40219.1
Project("{FAE04EC0-301F-11D3-BF4B-00C04F79EFBC}") = "Client", "Client\Client.csproj", "{46FCC43B-AA38-47B7-8512-050DC1366539}"
EndProject
Project("{FAE04EC0-301F-11D3-BF4B-00C04F79EFBC}") = "Server", "Server\Server.csproj", "{E3D6619D-7B91-4E53-B4D0-9FC5A009B634}"
EndProject
Global
	GlobalSection(SolutionConfigurationPlatforms) = preSolution
		Debug|Any CPU = Debug|Any CPU
		Release|Any CPU = Release|Any CPU
	EndGlobalSection
	GlobalSection(ProjectConfigurationPlatforms) = postSolution
		{46FCC43B-AA38-47B7-8512-050DC1366539}.Debug|Any CPU.ActiveCfg = Debug|Any CPU
		{46FCC43B-AA38-47B7-8512-050DC1366539}.Debug|Any CPU.Build.0 = Debug|Any CPU
		{46FCC43B-AA38-47B7-8512-050DC1366539}.Release|Any CPU.ActiveCfg = Release|Any CPU
		{46FCC43B-AA38-47B7-8512-050DC1366539}.Release|Any CPU.Build.0 = Release|Any CPU
		{E3D6619D-7B91-4E53-B4D0-9FC5A009B634}.Debug|Any CPU.ActiveCfg = Debug|Any CPU
		{E3D6619D-7B91-4E53-B4D0-9FC5A009B634}.Debug|Any CPU.Build.0 = Debug|Any CPU
		{E3D6619D-7B91-4E53-B4D0-9FC5A009B634}.Release|Any CPU.ActiveCfg = Release|Any CPU
		{E3D6619D-7B91-4E53-B4D0-9FC5A009B634}.Release|Any CPU.Build.0 = Release|Any CPU
	EndGlobalSection
	GlobalSection(SolutionProperties) = preSolution
		HideSolutionNode = FALSE
	EndGlobalSection
	GlobalSection(ExtensibilityGlobals) = postSolution
		SolutionGuid = {1696E125-2827-44EC-9865-E50DEA7143A6}
	EndGlobalSection
EndGlobal
